PODS:
  - Dip (7.0.1)
  - KeychainAccess (4.1.0)
  - Logging (1.2.0)
  - Sourcery (0.17.0)
  - SwiftGen (6.1.0)
  - SwiftLint (0.39.1)

DEPENDENCIES:
  - Dip
  - KeychainAccess
  - Logging
  - Sourcery
  - SwiftGen
  - SwiftLint

SPEC REPOS:
  trunk:
    - Dip
    - KeychainAccess
    - Logging
    - Sourcery
    - SwiftGen
    - SwiftLint

SPEC CHECKSUMS:
  Dip: 79509d5dc4f648e10e922ed79c608a7761c52b13
  KeychainAccess: 445e28864fe6d3458b41fa211bcdc39890e8bd5a
  Logging: 7838d379d234d7e5ae1265fa02804a9084caf04c
  Sourcery: 3ed61be7c8a1218fce349266139379dba477efe0
  SwiftGen: f872ca75cbd17bf7103c17f13dcfa0d9a15667b0
  SwiftLint: 55e96a4a4d537d4a3156859fc1c54bd24851a046

PODFILE CHECKSUM: e8ae9ee74b8eeea962ead49fab6e515473f49f39

COCOAPODS: 1.9.1
