// !$*UTF8*$!
{
	archiveVersion = 1;
	classes = {
	};
	objectVersion = 50;
	objects = {

/* Begin PBXBuildFile section */
		48980AAF38527D0A929C177A /* libPods-trader.a in Frameworks */ = {isa = PBXBuildFile; fileRef = 131A6E1E917C3948BEE5A788 /* libPods-trader.a */; };
		F10B403F2420E85C00E1080B /* AppDelegate.swift in Sources */ = {isa = PBXBuildFile; fileRef = F10B403E2420E85C00E1080B /* AppDelegate.swift */; };
		F10B40462420E85C00E1080B /* Main.storyboard in Resources */ = {isa = PBXBuildFile; fileRef = F10B40442420E85C00E1080B /* Main.storyboard */; };
		F10B40482420E85D00E1080B /* Assets.xcassets in Resources */ = {isa = PBXBuildFile; fileRef = F10B40472420E85D00E1080B /* Assets.xcassets */; };
		F10B404B2420E85D00E1080B /* LaunchScreen.storyboard in Resources */ = {isa = PBXBuildFile; fileRef = F10B40492420E85D00E1080B /* LaunchScreen.storyboard */; };
		F1563F962421091600586781 /* Configs.generated.swift in Sources */ = {isa = PBXBuildFile; fileRef = F1563F952421091600586781 /* Configs.generated.swift */; };
		F169800524213DD900774568 /* Analytics.swift in Sources */ = {isa = PBXBuildFile; fileRef = F169800424213DD900774568 /* Analytics.swift */; };
		F186430A2420FD3200E7B01A /* Configs.stencil in Resources */ = {isa = PBXBuildFile; fileRef = F18643092420FD3200E7B01A /* Configs.stencil */; };
		F1A0DFFC24220B54007F26E1 /* Localizable.strings in Resources */ = {isa = PBXBuildFile; fileRef = F1A0DFFE24220B54007F26E1 /* Localizable.strings */; };
		F1A0E00024220C4E007F26E1 /* LocalizedStrings.generated.swift in Sources */ = {isa = PBXBuildFile; fileRef = F1A0DFFF24220C4E007F26E1 /* LocalizedStrings.generated.swift */; };
		F1CBFAB62423643400FD4F2E /* Localization.swift in Sources */ = {isa = PBXBuildFile; fileRef = F1CBFAB52423643400FD4F2E /* Localization.swift */; };
		F1CBFAB82423646900FD4F2E /* Errors.strings in Resources */ = {isa = PBXBuildFile; fileRef = F1CBFAB72423646900FD4F2E /* Errors.strings */; };
		F1CBFABB24239F2E00FD4F2E /* Assembly.swift in Sources */ = {isa = PBXBuildFile; fileRef = F1CBFABA24239F2E00FD4F2E /* Assembly.swift */; };
		F1CBFABD24239F3F00FD4F2E /* CoreContainer.swift in Sources */ = {isa = PBXBuildFile; fileRef = F1CBFABC24239F3F00FD4F2E /* CoreContainer.swift */; };
		F1CBFABF24239F4B00FD4F2E /* UIContainer.swift in Sources */ = {isa = PBXBuildFile; fileRef = F1CBFABE24239F4B00FD4F2E /* UIContainer.swift */; };
		F1CBFAC12423A26E00FD4F2E /* ServicesContainer.swift in Sources */ = {isa = PBXBuildFile; fileRef = F1CBFAC02423A26E00FD4F2E /* ServicesContainer.swift */; };
		F1CBFAC52423B6C700FD4F2E /* RootViewController.swift in Sources */ = {isa = PBXBuildFile; fileRef = F1CBFAC42423B6C700FD4F2E /* RootViewController.swift */; };
		F1CBFAC82423C0D000FD4F2E /* KeychainCache.swift in Sources */ = {isa = PBXBuildFile; fileRef = F1CBFAC72423C0D000FD4F2E /* KeychainCache.swift */; };
		F1EAB8772479859B006C2590 /* Production.xcconfig in Resources */ = {isa = PBXBuildFile; fileRef = F1EAB8752479859B006C2590 /* Production.xcconfig */; };
		F1EAB8782479859B006C2590 /* Example.xcconfig in Resources */ = {isa = PBXBuildFile; fileRef = F1EAB8762479859B006C2590 /* Example.xcconfig */; };
		F1EAB87A2479868D006C2590 /* GoogleService-Info.plist in Resources */ = {isa = PBXBuildFile; fileRef = F1EAB8792479868D006C2590 /* GoogleService-Info.plist */; };
/* End PBXBuildFile section */

/* Begin PBXContainerItemProxy section */
		F10B40522420E85D00E1080B /* PBXContainerItemProxy */ = {
			isa = PBXContainerItemProxy;
			containerPortal = F10B40332420E85C00E1080B /* Project object */;
			proxyType = 1;
			remoteGlobalIDString = F10B403A2420E85C00E1080B;
			remoteInfo = trader;
		};
		F10B405D2420E85D00E1080B /* PBXContainerItemProxy */ = {
			isa = PBXContainerItemProxy;
			containerPortal = F10B40332420E85C00E1080B /* Project object */;
			proxyType = 1;
			remoteGlobalIDString = F10B403A2420E85C00E1080B;
			remoteInfo = trader;
		};
/* End PBXContainerItemProxy section */

/* Begin PBXFileReference section */
		131A6E1E917C3948BEE5A788 /* libPods-trader.a */ = {isa = PBXFileReference; explicitFileType = archive.ar; includeInIndex = 0; path = "libPods-trader.a"; sourceTree = BUILT_PRODUCTS_DIR; };
		32C489688D530105073958C6 /* Pods-trader.debug.xcconfig */ = {isa = PBXFileReference; includeInIndex = 1; lastKnownFileType = text.xcconfig; name = "Pods-trader.debug.xcconfig"; path = "Target Support Files/Pods-trader/Pods-trader.debug.xcconfig"; sourceTree = "<group>"; };
		ABDB6887AB4B48147EF19CF2 /* Pods-trader.debug-staging.xcconfig */ = {isa = PBXFileReference; includeInIndex = 1; lastKnownFileType = text.xcconfig; name = "Pods-trader.debug-staging.xcconfig"; path = "Target Support Files/Pods-trader/Pods-trader.debug-staging.xcconfig"; sourceTree = "<group>"; };
		DDC3D0B558EF7CB1575D1A04 /* Pods-trader.release-staging.xcconfig */ = {isa = PBXFileReference; includeInIndex = 1; lastKnownFileType = text.xcconfig; name = "Pods-trader.release-staging.xcconfig"; path = "Target Support Files/Pods-trader/Pods-trader.release-staging.xcconfig"; sourceTree = "<group>"; };
		DE5CC45AA24C374770B0EDF4 /* Pods-trader.release.xcconfig */ = {isa = PBXFileReference; includeInIndex = 1; lastKnownFileType = text.xcconfig; name = "Pods-trader.release.xcconfig"; path = "Target Support Files/Pods-trader/Pods-trader.release.xcconfig"; sourceTree = "<group>"; };
		F10B403B2420E85C00E1080B /* trader.app */ = {isa = PBXFileReference; explicitFileType = wrapper.application; includeInIndex = 0; path = trader.app; sourceTree = BUILT_PRODUCTS_DIR; };
		F10B403E2420E85C00E1080B /* AppDelegate.swift */ = {isa = PBXFileReference; lastKnownFileType = sourcecode.swift; path = AppDelegate.swift; sourceTree = "<group>"; };
		F10B40452420E85C00E1080B /* Base */ = {isa = PBXFileReference; lastKnownFileType = file.storyboard; name = Base; path = Base.lproj/Main.storyboard; sourceTree = "<group>"; };
		F10B40472420E85D00E1080B /* Assets.xcassets */ = {isa = PBXFileReference; lastKnownFileType = folder.assetcatalog; path = Assets.xcassets; sourceTree = "<group>"; };
		F10B404A2420E85D00E1080B /* Base */ = {isa = PBXFileReference; lastKnownFileType = file.storyboard; name = Base; path = Base.lproj/LaunchScreen.storyboard; sourceTree = "<group>"; };
		F10B404C2420E85D00E1080B /* Info.plist */ = {isa = PBXFileReference; lastKnownFileType = text.plist.xml; path = Info.plist; sourceTree = "<group>"; };
		F10B40512420E85D00E1080B /* traderTests.xctest */ = {isa = PBXFileReference; explicitFileType = wrapper.cfbundle; includeInIndex = 0; path = traderTests.xctest; sourceTree = BUILT_PRODUCTS_DIR; };
		F10B405C2420E85D00E1080B /* traderUITests.xctest */ = {isa = PBXFileReference; explicitFileType = wrapper.cfbundle; includeInIndex = 0; path = traderUITests.xctest; sourceTree = BUILT_PRODUCTS_DIR; };
		F1563F952421091600586781 /* Configs.generated.swift */ = {isa = PBXFileReference; fileEncoding = 4; lastKnownFileType = sourcecode.swift; path = Configs.generated.swift; sourceTree = "<group>"; };
		F169800424213DD900774568 /* Analytics.swift */ = {isa = PBXFileReference; lastKnownFileType = sourcecode.swift; path = Analytics.swift; sourceTree = "<group>"; };
		F18643042420F56300E7B01A /* Example.xcconfig */ = {isa = PBXFileReference; lastKnownFileType = text.xcconfig; path = Example.xcconfig; sourceTree = "<group>"; };
		F18643092420FD3200E7B01A /* Configs.stencil */ = {isa = PBXFileReference; fileEncoding = 4; lastKnownFileType = text; path = Configs.stencil; sourceTree = "<group>"; };
		F1A0DFFD24220B54007F26E1 /* en */ = {isa = PBXFileReference; lastKnownFileType = text.plist.strings; name = en; path = en.lproj/Localizable.strings; sourceTree = "<group>"; };
		F1A0DFFF24220C4E007F26E1 /* LocalizedStrings.generated.swift */ = {isa = PBXFileReference; fileEncoding = 4; lastKnownFileType = sourcecode.swift; path = LocalizedStrings.generated.swift; sourceTree = "<group>"; };
		F1CBFAB52423643400FD4F2E /* Localization.swift */ = {isa = PBXFileReference; lastKnownFileType = sourcecode.swift; path = Localization.swift; sourceTree = "<group>"; };
		F1CBFAB72423646900FD4F2E /* Errors.strings */ = {isa = PBXFileReference; lastKnownFileType = text.plist.strings; path = Errors.strings; sourceTree = "<group>"; };
		F1CBFABA24239F2E00FD4F2E /* Assembly.swift */ = {isa = PBXFileReference; lastKnownFileType = sourcecode.swift; path = Assembly.swift; sourceTree = "<group>"; };
		F1CBFABC24239F3F00FD4F2E /* CoreContainer.swift */ = {isa = PBXFileReference; lastKnownFileType = sourcecode.swift; path = CoreContainer.swift; sourceTree = "<group>"; };
		F1CBFABE24239F4B00FD4F2E /* UIContainer.swift */ = {isa = PBXFileReference; lastKnownFileType = sourcecode.swift; path = UIContainer.swift; sourceTree = "<group>"; };
		F1CBFAC02423A26E00FD4F2E /* ServicesContainer.swift */ = {isa = PBXFileReference; lastKnownFileType = sourcecode.swift; path = ServicesContainer.swift; sourceTree = "<group>"; };
		F1CBFAC42423B6C700FD4F2E /* RootViewController.swift */ = {isa = PBXFileReference; lastKnownFileType = sourcecode.swift; path = RootViewController.swift; sourceTree = "<group>"; };
		F1CBFAC72423C0D000FD4F2E /* KeychainCache.swift */ = {isa = PBXFileReference; lastKnownFileType = sourcecode.swift; path = KeychainCache.swift; sourceTree = "<group>"; };
		F1EAB8752479859B006C2590 /* Production.xcconfig */ = {isa = PBXFileReference; fileEncoding = 4; lastKnownFileType = text.xcconfig; path = Production.xcconfig; sourceTree = "<group>"; };
		F1EAB8762479859B006C2590 /* Example.xcconfig */ = {isa = PBXFileReference; fileEncoding = 4; lastKnownFileType = text.xcconfig; path = Example.xcconfig; sourceTree = "<group>"; };
		F1EAB8792479868D006C2590 /* GoogleService-Info.plist */ = {isa = PBXFileReference; fileEncoding = 4; lastKnownFileType = text.plist.xml; path = "GoogleService-Info.plist"; sourceTree = "<group>"; };
/* End PBXFileReference section */

/* Begin PBXFrameworksBuildPhase section */
		F10B40382420E85C00E1080B /* Frameworks */ = {
			isa = PBXFrameworksBuildPhase;
			buildActionMask = 2147483647;
			files = (
				48980AAF38527D0A929C177A /* libPods-trader.a in Frameworks */,
			);
			runOnlyForDeploymentPostprocessing = 0;
		};
		F10B404E2420E85D00E1080B /* Frameworks */ = {
			isa = PBXFrameworksBuildPhase;
			buildActionMask = 2147483647;
			files = (
			);
			runOnlyForDeploymentPostprocessing = 0;
		};
		F10B40592420E85D00E1080B /* Frameworks */ = {
			isa = PBXFrameworksBuildPhase;
			buildActionMask = 2147483647;
			files = (
			);
			runOnlyForDeploymentPostprocessing = 0;
		};
/* End PBXFrameworksBuildPhase section */

/* Begin PBXGroup section */
		3FF09388BDFADD3BE3CEC5EB /* Frameworks */ = {
			isa = PBXGroup;
			children = (
				131A6E1E917C3948BEE5A788 /* libPods-trader.a */,
			);
			name = Frameworks;
			sourceTree = "<group>";
		};
		986C1D12D31585A421B5EE77 /* Pods */ = {
			isa = PBXGroup;
			children = (
				32C489688D530105073958C6 /* Pods-trader.debug.xcconfig */,
				DE5CC45AA24C374770B0EDF4 /* Pods-trader.release.xcconfig */,
				ABDB6887AB4B48147EF19CF2 /* Pods-trader.debug-staging.xcconfig */,
				DDC3D0B558EF7CB1575D1A04 /* Pods-trader.release-staging.xcconfig */,
			);
			path = Pods;
			sourceTree = "<group>";
		};
		F10B40322420E85C00E1080B = {
			isa = PBXGroup;
			children = (
				F10B403D2420E85C00E1080B /* trader */,
				F10B403C2420E85C00E1080B /* Products */,
				986C1D12D31585A421B5EE77 /* Pods */,
				3FF09388BDFADD3BE3CEC5EB /* Frameworks */,
			);
			sourceTree = "<group>";
		};
		F10B403C2420E85C00E1080B /* Products */ = {
			isa = PBXGroup;
			children = (
				F10B403B2420E85C00E1080B /* trader.app */,
				F10B40512420E85D00E1080B /* traderTests.xctest */,
				F10B405C2420E85D00E1080B /* traderUITests.xctest */,
			);
			name = Products;
			sourceTree = "<group>";
		};
		F10B403D2420E85C00E1080B /* trader */ = {
			isa = PBXGroup;
			children = (
				F18643022420F51200E7B01A /* Configs */,
				F10B40702420E8EB00E1080B /* Presentation */,
				F169800324213DC300774568 /* Core */,
				F10B406E2420E8A500E1080B /* Application */,
				F10B406F2420E8B600E1080B /* Resources */,
			);
			path = trader;
			sourceTree = "<group>";
		};
		F10B406E2420E8A500E1080B /* Application */ = {
			isa = PBXGroup;
			children = (
				F18643062420F9E900E7B01A /* Autogenerated */,
				F1CBFAB924239ED900FD4F2E /* Containers */,
				F10B403E2420E85C00E1080B /* AppDelegate.swift */,
			);
			path = Application;
			sourceTree = "<group>";
		};
		F10B406F2420E8B600E1080B /* Resources */ = {
			isa = PBXGroup;
			children = (
				F1A0DFF9242209D7007F26E1 /* Localization */,
				F18643082420FD0A00E7B01A /* Templates */,
				F10B40472420E85D00E1080B /* Assets.xcassets */,
				F1EAB8792479868D006C2590 /* GoogleService-Info.plist */,
				F10B404C2420E85D00E1080B /* Info.plist */,
			);
			path = Resources;
			sourceTree = "<group>";
		};
		F10B40702420E8EB00E1080B /* Presentation */ = {
			isa = PBXGroup;
			children = (
				F1CBFAC22423B6A300FD4F2E /* Modules */,
				F10B40712420E8FD00E1080B /* Storyboards */,
			);
			path = Presentation;
			sourceTree = "<group>";
		};
		F10B40712420E8FD00E1080B /* Storyboards */ = {
			isa = PBXGroup;
			children = (
				F10B40442420E85C00E1080B /* Main.storyboard */,
				F10B40492420E85D00E1080B /* LaunchScreen.storyboard */,
			);
			path = Storyboards;
			sourceTree = "<group>";
		};
		F169800324213DC300774568 /* Core */ = {
			isa = PBXGroup;
			children = (
				F169800424213DD900774568 /* Analytics.swift */,
				F1CBFAC72423C0D000FD4F2E /* KeychainCache.swift */,
				F1CBFAB52423643400FD4F2E /* Localization.swift */,
			);
			path = Core;
			sourceTree = "<group>";
		};
		F18643022420F51200E7B01A /* Configs */ = {
			isa = PBXGroup;
			children = (
				F1EAB8762479859B006C2590 /* Example.xcconfig */,
				F1EAB8752479859B006C2590 /* Production.xcconfig */,
				F18643042420F56300E7B01A /* Example.xcconfig */,
			);
			path = Configs;
			sourceTree = "<group>";
		};
		F18643062420F9E900E7B01A /* Autogenerated */ = {
			isa = PBXGroup;
			children = (
				F1A0DFFF24220C4E007F26E1 /* LocalizedStrings.generated.swift */,
				F1563F952421091600586781 /* Configs.generated.swift */,
			);
			path = Autogenerated;
			sourceTree = "<group>";
		};
		F18643082420FD0A00E7B01A /* Templates */ = {
			isa = PBXGroup;
			children = (
				F18643092420FD3200E7B01A /* Configs.stencil */,
			);
			path = Templates;
			sourceTree = "<group>";
		};
		F1A0DFF9242209D7007F26E1 /* Localization */ = {
			isa = PBXGroup;
			children = (
				F1A0DFFE24220B54007F26E1 /* Localizable.strings */,
				F1CBFAB72423646900FD4F2E /* Errors.strings */,
			);
			path = Localization;
			sourceTree = "<group>";
		};
		F1CBFAB924239ED900FD4F2E /* Containers */ = {
			isa = PBXGroup;
			children = (
				F1CBFABA24239F2E00FD4F2E /* Assembly.swift */,
				F1CBFABC24239F3F00FD4F2E /* CoreContainer.swift */,
				F1CBFAC02423A26E00FD4F2E /* ServicesContainer.swift */,
				F1CBFABE24239F4B00FD4F2E /* UIContainer.swift */,
			);
			path = Containers;
			sourceTree = "<group>";
		};
		F1CBFAC22423B6A300FD4F2E /* Modules */ = {
			isa = PBXGroup;
			children = (
				F1CBFAC32423B6AD00FD4F2E /* Application */,
			);
			path = Modules;
			sourceTree = "<group>";
		};
		F1CBFAC32423B6AD00FD4F2E /* Application */ = {
			isa = PBXGroup;
			children = (
				F1CBFAC42423B6C700FD4F2E /* RootViewController.swift */,
			);
			path = Application;
			sourceTree = "<group>";
		};
/* End PBXGroup section */

/* Begin PBXNativeTarget section */
		F10B403A2420E85C00E1080B /* trader */ = {
			isa = PBXNativeTarget;
			buildConfigurationList = F10B40652420E85D00E1080B /* Build configuration list for PBXNativeTarget "trader" */;
			buildPhases = (
				026EAAB291AE86A7AFE9C1C2 /* [CP] Check Pods Manifest.lock */,
				F18643072420FB4900E7B01A /* [Sourcery] Generate Configs.swift */,
				F1A0DFF824220986007F26E1 /* [SwiftGen] Generate Localized Strings */,
				F10B40372420E85C00E1080B /* Sources */,
				F10B40382420E85C00E1080B /* Frameworks */,
				F10B40392420E85C00E1080B /* Resources */,
				F1697FFC2421250600774568 /* [SwiftLint] */,
			);
			buildRules = (
			);
			dependencies = (
			);
			name = trader;
			productName = trader;
			productReference = F10B403B2420E85C00E1080B /* trader.app */;
			productType = "com.apple.product-type.application";
		};
		F10B40502420E85D00E1080B /* traderTests */ = {
			isa = PBXNativeTarget;
			buildConfigurationList = F10B40682420E85D00E1080B /* Build configuration list for PBXNativeTarget "traderTests" */;
			buildPhases = (
				F10B404D2420E85D00E1080B /* Sources */,
				F10B404E2420E85D00E1080B /* Frameworks */,
				F10B404F2420E85D00E1080B /* Resources */,
			);
			buildRules = (
			);
			dependencies = (
				F10B40532420E85D00E1080B /* PBXTargetDependency */,
			);
			name = traderTests;
			productName = traderTests;
			productReference = F10B40512420E85D00E1080B /* traderTests.xctest */;
			productType = "com.apple.product-type.bundle.unit-test";
		};
		F10B405B2420E85D00E1080B /* traderUITests */ = {
			isa = PBXNativeTarget;
			buildConfigurationList = F10B406B2420E85D00E1080B /* Build configuration list for PBXNativeTarget "traderUITests" */;
			buildPhases = (
				F10B40582420E85D00E1080B /* Sources */,
				F10B40592420E85D00E1080B /* Frameworks */,
				F10B405A2420E85D00E1080B /* Resources */,
			);
			buildRules = (
			);
			dependencies = (
				F10B405E2420E85D00E1080B /* PBXTargetDependency */,
			);
			name = traderUITests;
			productName = traderUITests;
			productReference = F10B405C2420E85D00E1080B /* traderUITests.xctest */;
			productType = "com.apple.product-type.bundle.ui-testing";
		};
/* End PBXNativeTarget section */

/* Begin PBXProject section */
		F10B40332420E85C00E1080B /* Project object */ = {
			isa = PBXProject;
			attributes = {
				LastSwiftUpdateCheck = 1130;
				LastUpgradeCheck = 1130;
				ORGANIZATIONNAME = Soprano;
				TargetAttributes = {
					F10B403A2420E85C00E1080B = {
						CreatedOnToolsVersion = 11.3.1;
					};
					F10B40502420E85D00E1080B = {
						CreatedOnToolsVersion = 11.3.1;
						TestTargetID = F10B403A2420E85C00E1080B;
					};
					F10B405B2420E85D00E1080B = {
						CreatedOnToolsVersion = 11.3.1;
						TestTargetID = F10B403A2420E85C00E1080B;
					};
				};
			};
			buildConfigurationList = F10B40362420E85C00E1080B /* Build configuration list for PBXProject "trader" */;
			compatibilityVersion = "Xcode 9.3";
			developmentRegion = en;
			hasScannedForEncodings = 0;
			knownRegions = (
				en,
				Base,
			);
			mainGroup = F10B40322420E85C00E1080B;
			productRefGroup = F10B403C2420E85C00E1080B /* Products */;
			projectDirPath = "";
			projectRoot = "";
			targets = (
				F10B403A2420E85C00E1080B /* trader */,
				F10B40502420E85D00E1080B /* traderTests */,
				F10B405B2420E85D00E1080B /* traderUITests */,
			);
		};
/* End PBXProject section */

/* Begin PBXResourcesBuildPhase section */
		F10B40392420E85C00E1080B /* Resources */ = {
			isa = PBXResourcesBuildPhase;
			buildActionMask = 2147483647;
			files = (
				F186430A2420FD3200E7B01A /* Configs.stencil in Resources */,
				F1A0DFFC24220B54007F26E1 /* Localizable.strings in Resources */,
				F1EAB87A2479868D006C2590 /* GoogleService-Info.plist in Resources */,
				F1EAB8772479859B006C2590 /* Production.xcconfig in Resources */,
				F1EAB8782479859B006C2590 /* Example.xcconfig in Resources */,
				F1CBFAB82423646900FD4F2E /* Errors.strings in Resources */,
				F10B404B2420E85D00E1080B /* LaunchScreen.storyboard in Resources */,
				F10B40482420E85D00E1080B /* Assets.xcassets in Resources */,
				F10B40462420E85C00E1080B /* Main.storyboard in Resources */,
			);
			runOnlyForDeploymentPostprocessing = 0;
		};
		F10B404F2420E85D00E1080B /* Resources */ = {
			isa = PBXResourcesBuildPhase;
			buildActionMask = 2147483647;
			files = (
			);
			runOnlyForDeploymentPostprocessing = 0;
		};
		F10B405A2420E85D00E1080B /* Resources */ = {
			isa = PBXResourcesBuildPhase;
			buildActionMask = 2147483647;
			files = (
			);
			runOnlyForDeploymentPostprocessing = 0;
		};
/* End PBXResourcesBuildPhase section */

/* Begin PBXShellScriptBuildPhase section */
		026EAAB291AE86A7AFE9C1C2 /* [CP] Check Pods Manifest.lock */ = {
			isa = PBXShellScriptBuildPhase;
			buildActionMask = 2147483647;
			files = (
			);
			inputFileListPaths = (
			);
			inputPaths = (
				"${PODS_PODFILE_DIR_PATH}/Podfile.lock",
				"${PODS_ROOT}/Manifest.lock",
			);
			name = "[CP] Check Pods Manifest.lock";
			outputFileListPaths = (
			);
			outputPaths = (
				"$(DERIVED_FILE_DIR)/Pods-trader-checkManifestLockResult.txt",
			);
			runOnlyForDeploymentPostprocessing = 0;
			shellPath = /bin/sh;
			shellScript = "diff \"${PODS_PODFILE_DIR_PATH}/Podfile.lock\" \"${PODS_ROOT}/Manifest.lock\" > /dev/null\nif [ $? != 0 ] ; then\n    # print error to STDERR\n    echo \"error: The sandbox is not in sync with the Podfile.lock. Run 'pod install' or update your CocoaPods installation.\" >&2\n    exit 1\nfi\n# This output is used by Xcode 'outputs' to avoid re-running this script phase.\necho \"SUCCESS\" > \"${SCRIPT_OUTPUT_FILE_0}\"\n";
			showEnvVarsInLog = 0;
		};
		F1697FFC2421250600774568 /* [SwiftLint] */ = {
			isa = PBXShellScriptBuildPhase;
			buildActionMask = 2147483647;
			files = (
			);
			inputFileListPaths = (
			);
			inputPaths = (
			);
			name = "[SwiftLint]";
			outputFileListPaths = (
			);
			outputPaths = (
			);
			runOnlyForDeploymentPostprocessing = 0;
			shellPath = /bin/sh;
			shellScript = "if [ ${SWIFT_ACTIVE_COMPILATION_CONDITIONS} = \"DEBUG\" ]; then\n    ${PODS_ROOT}/SwiftLint/swiftlint\nfi\n";
		};
		F18643072420FB4900E7B01A /* [Sourcery] Generate Configs.swift */ = {
			isa = PBXShellScriptBuildPhase;
			buildActionMask = 2147483647;
			files = (
			);
			inputFileListPaths = (
			);
			inputPaths = (
			);
			name = "[Sourcery] Generate Configs.swift";
			outputFileListPaths = (
			);
			outputPaths = (
				"$(SRCROOT)/trader/Application/Autogenerated/Configs.generated.swift",
			);
			runOnlyForDeploymentPostprocessing = 0;
			shellPath = /bin/sh;
			shellScript = "${PODS_ROOT}/Sourcery/bin/sourcery \\\n--sources ${SRCROOT}/trader \\\n--templates ${SRCROOT}/trader/Resources/Templates/Configs.stencil \\\n--output \"${SRCROOT}/trader/Application/Autogenerated\" \\\n--args googlePlistName=\\\"${GOOGLE_SERVICE_PLIST}\\\" \\\n--args apiBaseUrl=\\\"${SAFELINE_URL}\\\" \\\n";
		};
		F1A0DFF824220986007F26E1 /* [SwiftGen] Generate Localized Strings */ = {
			isa = PBXShellScriptBuildPhase;
			buildActionMask = 2147483647;
			files = (
			);
			inputFileListPaths = (
			);
			inputPaths = (
			);
			name = "[SwiftGen] Generate Localized Strings";
			outputFileListPaths = (
			);
			outputPaths = (
				"$(SRCROOT)/trader/Application/Autogenerated/LocalizedStrings.generated.swift",
			);
			runOnlyForDeploymentPostprocessing = 0;
			shellPath = /bin/sh;
			shellScript = "${PODS_ROOT}/SwiftGen/bin/swiftgen strings -t structured-swift4 \\\n${SRCROOT}/trader/Resources/Localization/en.lproj/Localizable.strings \\\n--output trader/Application/Autogenerated/LocalizedStrings.generated.swift \\\n";
		};
/* End PBXShellScriptBuildPhase section */

/* Begin PBXSourcesBuildPhase section */
		F10B40372420E85C00E1080B /* Sources */ = {
			isa = PBXSourcesBuildPhase;
			buildActionMask = 2147483647;
			files = (
				F1CBFAC52423B6C700FD4F2E /* RootViewController.swift in Sources */,
				F1A0E00024220C4E007F26E1 /* LocalizedStrings.generated.swift in Sources */,
				F1563F962421091600586781 /* Configs.generated.swift in Sources */,
				F1CBFABD24239F3F00FD4F2E /* CoreContainer.swift in Sources */,
				F1CBFAB62423643400FD4F2E /* Localization.swift in Sources */,
				F1CBFABF24239F4B00FD4F2E /* UIContainer.swift in Sources */,
				F1CBFABB24239F2E00FD4F2E /* Assembly.swift in Sources */,
				F10B403F2420E85C00E1080B /* AppDelegate.swift in Sources */,
				F1CBFAC12423A26E00FD4F2E /* ServicesContainer.swift in Sources */,
				F1CBFAC82423C0D000FD4F2E /* KeychainCache.swift in Sources */,
				F169800524213DD900774568 /* Analytics.swift in Sources */,
			);
			runOnlyForDeploymentPostprocessing = 0;
		};
		F10B404D2420E85D00E1080B /* Sources */ = {
			isa = PBXSourcesBuildPhase;
			buildActionMask = 2147483647;
			files = (
			);
			runOnlyForDeploymentPostprocessing = 0;
		};
		F10B40582420E85D00E1080B /* Sources */ = {
			isa = PBXSourcesBuildPhase;
			buildActionMask = 2147483647;
			files = (
			);
			runOnlyForDeploymentPostprocessing = 0;
		};
/* End PBXSourcesBuildPhase section */

/* Begin PBXTargetDependency section */
		F10B40532420E85D00E1080B /* PBXTargetDependency */ = {
			isa = PBXTargetDependency;
			target = F10B403A2420E85C00E1080B /* trader */;
			targetProxy = F10B40522420E85D00E1080B /* PBXContainerItemProxy */;
		};
		F10B405E2420E85D00E1080B /* PBXTargetDependency */ = {
			isa = PBXTargetDependency;
			target = F10B403A2420E85C00E1080B /* trader */;
			targetProxy = F10B405D2420E85D00E1080B /* PBXContainerItemProxy */;
		};
/* End PBXTargetDependency section */

/* Begin PBXVariantGroup section */
		F10B40442420E85C00E1080B /* Main.storyboard */ = {
			isa = PBXVariantGroup;
			children = (
				F10B40452420E85C00E1080B /* Base */,
			);
			name = Main.storyboard;
			sourceTree = "<group>";
		};
		F10B40492420E85D00E1080B /* LaunchScreen.storyboard */ = {
			isa = PBXVariantGroup;
			children = (
				F10B404A2420E85D00E1080B /* Base */,
			);
			name = LaunchScreen.storyboard;
			sourceTree = "<group>";
		};
		F1A0DFFE24220B54007F26E1 /* Localizable.strings */ = {
			isa = PBXVariantGroup;
			children = (
				F1A0DFFD24220B54007F26E1 /* en */,
			);
			name = Localizable.strings;
			sourceTree = "<group>";
		};
/* End PBXVariantGroup section */

/* Begin XCBuildConfiguration section */
		F10B40632420E85D00E1080B /* Debug */ = {
			isa = XCBuildConfiguration;
			buildSettings = {
				ALWAYS_SEARCH_USER_PATHS = NO;
				CLANG_ANALYZER_NONNULL = YES;
				CLANG_ANALYZER_NUMBER_OBJECT_CONVERSION = YES_AGGRESSIVE;
				CLANG_CXX_LANGUAGE_STANDARD = "gnu++14";
				CLANG_CXX_LIBRARY = "libc++";
				CLANG_ENABLE_MODULES = YES;
				CLANG_ENABLE_OBJC_ARC = YES;
				CLANG_ENABLE_OBJC_WEAK = YES;
				CLANG_WARN_BLOCK_CAPTURE_AUTORELEASING = YES;
				CLANG_WARN_BOOL_CONVERSION = YES;
				CLANG_WARN_COMMA = YES;
				CLANG_WARN_CONSTANT_CONVERSION = YES;
				CLANG_WARN_DEPRECATED_OBJC_IMPLEMENTATIONS = YES;
				CLANG_WARN_DIRECT_OBJC_ISA_USAGE = YES_ERROR;
				CLANG_WARN_DOCUMENTATION_COMMENTS = YES;
				CLANG_WARN_EMPTY_BODY = YES;
				CLANG_WARN_ENUM_CONVERSION = YES;
				CLANG_WARN_INFINITE_RECURSION = YES;
				CLANG_WARN_INT_CONVERSION = YES;
				CLANG_WARN_NON_LITERAL_NULL_CONVERSION = YES;
				CLANG_WARN_OBJC_IMPLICIT_RETAIN_SELF = YES;
				CLANG_WARN_OBJC_LITERAL_CONVERSION = YES;
				CLANG_WARN_OBJC_ROOT_CLASS = YES_ERROR;
				CLANG_WARN_RANGE_LOOP_ANALYSIS = YES;
				CLANG_WARN_STRICT_PROTOTYPES = YES;
				CLANG_WARN_SUSPICIOUS_MOVE = YES;
				CLANG_WARN_UNGUARDED_AVAILABILITY = YES_AGGRESSIVE;
				CLANG_WARN_UNREACHABLE_CODE = YES;
				CLANG_WARN__DUPLICATE_METHOD_MATCH = YES;
				COPY_PHASE_STRIP = NO;
				CURRENT_PROJECT_VERSION = 1;
				DEBUG_INFORMATION_FORMAT = "dwarf-with-dsym";
				ENABLE_STRICT_OBJC_MSGSEND = YES;
				ENABLE_TESTABILITY = YES;
				GCC_C_LANGUAGE_STANDARD = gnu11;
				GCC_DYNAMIC_NO_PIC = NO;
				GCC_NO_COMMON_BLOCKS = YES;
				GCC_OPTIMIZATION_LEVEL = 0;
				GCC_PREPROCESSOR_DEFINITIONS = (
					"DEBUG=1",
					"$(inherited)",
				);
				GCC_WARN_64_TO_32_BIT_CONVERSION = YES;
				GCC_WARN_ABOUT_RETURN_TYPE = YES_ERROR;
				GCC_WARN_UNDECLARED_SELECTOR = YES;
				GCC_WARN_UNINITIALIZED_AUTOS = YES_AGGRESSIVE;
				GCC_WARN_UNUSED_FUNCTION = YES;
				GCC_WARN_UNUSED_VARIABLE = YES;
				IPHONEOS_DEPLOYMENT_TARGET = 12.0;
				MTL_ENABLE_DEBUG_INFO = INCLUDE_SOURCE;
				MTL_FAST_MATH = YES;
				ONLY_ACTIVE_ARCH = YES;
				SDKROOT = iphoneos;
				SWIFT_ACTIVE_COMPILATION_CONDITIONS = DEBUG;
				SWIFT_OPTIMIZATION_LEVEL = "-Onone";
				VERSIONING_SYSTEM = "apple-generic";
			};
			name = Debug;
		};
		F10B40642420E85D00E1080B /* Release */ = {
			isa = XCBuildConfiguration;
			buildSettings = {
				ALWAYS_SEARCH_USER_PATHS = NO;
				CLANG_ANALYZER_NONNULL = YES;
				CLANG_ANALYZER_NUMBER_OBJECT_CONVERSION = YES_AGGRESSIVE;
				CLANG_CXX_LANGUAGE_STANDARD = "gnu++14";
				CLANG_CXX_LIBRARY = "libc++";
				CLANG_ENABLE_MODULES = YES;
				CLANG_ENABLE_OBJC_ARC = YES;
				CLANG_ENABLE_OBJC_WEAK = YES;
				CLANG_WARN_BLOCK_CAPTURE_AUTORELEASING = YES;
				CLANG_WARN_BOOL_CONVERSION = YES;
				CLANG_WARN_COMMA = YES;
				CLANG_WARN_CONSTANT_CONVERSION = YES;
				CLANG_WARN_DEPRECATED_OBJC_IMPLEMENTATIONS = YES;
				CLANG_WARN_DIRECT_OBJC_ISA_USAGE = YES_ERROR;
				CLANG_WARN_DOCUMENTATION_COMMENTS = YES;
				CLANG_WARN_EMPTY_BODY = YES;
				CLANG_WARN_ENUM_CONVERSION = YES;
				CLANG_WARN_INFINITE_RECURSION = YES;
				CLANG_WARN_INT_CONVERSION = YES;
				CLANG_WARN_NON_LITERAL_NULL_CONVERSION = YES;
				CLANG_WARN_OBJC_IMPLICIT_RETAIN_SELF = YES;
				CLANG_WARN_OBJC_LITERAL_CONVERSION = YES;
				CLANG_WARN_OBJC_ROOT_CLASS = YES_ERROR;
				CLANG_WARN_RANGE_LOOP_ANALYSIS = YES;
				CLANG_WARN_STRICT_PROTOTYPES = YES;
				CLANG_WARN_SUSPICIOUS_MOVE = YES;
				CLANG_WARN_UNGUARDED_AVAILABILITY = YES_AGGRESSIVE;
				CLANG_WARN_UNREACHABLE_CODE = YES;
				CLANG_WARN__DUPLICATE_METHOD_MATCH = YES;
				COPY_PHASE_STRIP = NO;
				CURRENT_PROJECT_VERSION = 1;
				DEBUG_INFORMATION_FORMAT = "dwarf-with-dsym";
				ENABLE_NS_ASSERTIONS = NO;
				ENABLE_STRICT_OBJC_MSGSEND = YES;
				GCC_C_LANGUAGE_STANDARD = gnu11;
				GCC_NO_COMMON_BLOCKS = YES;
				GCC_WARN_64_TO_32_BIT_CONVERSION = YES;
				GCC_WARN_ABOUT_RETURN_TYPE = YES_ERROR;
				GCC_WARN_UNDECLARED_SELECTOR = YES;
				GCC_WARN_UNINITIALIZED_AUTOS = YES_AGGRESSIVE;
				GCC_WARN_UNUSED_FUNCTION = YES;
				GCC_WARN_UNUSED_VARIABLE = YES;
				IPHONEOS_DEPLOYMENT_TARGET = 12.0;
				MTL_ENABLE_DEBUG_INFO = NO;
				MTL_FAST_MATH = YES;
				SDKROOT = iphoneos;
				SWIFT_COMPILATION_MODE = wholemodule;
				SWIFT_OPTIMIZATION_LEVEL = "-O";
				VALIDATE_PRODUCT = YES;
				VERSIONING_SYSTEM = "apple-generic";
			};
			name = Release;
		};
		F10B40662420E85D00E1080B /* Debug */ = {
			isa = XCBuildConfiguration;
			baseConfigurationReference = 32C489688D530105073958C6 /* Pods-trader.debug.xcconfig */;
			buildSettings = {
				ASSETCATALOG_COMPILER_APPICON_NAME = AppIcon;
				CODE_SIGN_STYLE = Automatic;
				DEVELOPMENT_TEAM = MDC5DNJKVL;
				INFOPLIST_FILE = trader/Resources/Info.plist;
				LD_RUNPATH_SEARCH_PATHS = (
					"$(inherited)",
					"@executable_path/Frameworks",
				);
				PRODUCT_BUNDLE_IDENTIFIER = com.trader.dyploma;
				PRODUCT_NAME = trader;
				SWIFT_VERSION = 5.0;
				TARGETED_DEVICE_FAMILY = 1;
			};
			name = Debug;
		};
		F10B40672420E85D00E1080B /* Release */ = {
			isa = XCBuildConfiguration;
			baseConfigurationReference = DE5CC45AA24C374770B0EDF4 /* Pods-trader.release.xcconfig */;
			buildSettings = {
				ASSETCATALOG_COMPILER_APPICON_NAME = AppIcon;
				CODE_SIGN_STYLE = Automatic;
				DEVELOPMENT_TEAM = MDC5DNJKVL;
				INFOPLIST_FILE = trader/Resources/Info.plist;
				LD_RUNPATH_SEARCH_PATHS = (
					"$(inherited)",
					"@executable_path/Frameworks",
				);
				PRODUCT_BUNDLE_IDENTIFIER = com.trader.dyploma;
				PRODUCT_NAME = trader;
				SWIFT_VERSION = 5.0;
				TARGETED_DEVICE_FAMILY = 1;
			};
			name = Release;
		};
		F10B40692420E85D00E1080B /* Debug */ = {
			isa = XCBuildConfiguration;
			buildSettings = {
				BUNDLE_LOADER = "$(TEST_HOST)";
				CODE_SIGN_STYLE = Automatic;
				DEVELOPMENT_TEAM = BEQ42K94DF;
				INFOPLIST_FILE = traderTests/Info.plist;
				IPHONEOS_DEPLOYMENT_TARGET = 13.2;
				LD_RUNPATH_SEARCH_PATHS = (
					"$(inherited)",
					"@executable_path/Frameworks",
					"@loader_path/Frameworks",
				);
				OTHER_LDFLAGS = "";
				PRODUCT_BUNDLE_IDENTIFIER = com.traderTests;
				PRODUCT_NAME = "$(TARGET_NAME)";
				SWIFT_VERSION = 5.0;
				TARGETED_DEVICE_FAMILY = "1,2";
				TEST_HOST = "$(BUILT_PRODUCTS_DIR)/SafeLine VPN.app/SafeLine VPN";
			};
			name = Debug;
		};
		F10B406A2420E85D00E1080B /* Release */ = {
			isa = XCBuildConfiguration;
			buildSettings = {
				BUNDLE_LOADER = "$(TEST_HOST)";
				CODE_SIGN_STYLE = Automatic;
				DEVELOPMENT_TEAM = BEQ42K94DF;
				INFOPLIST_FILE = traderTests/Info.plist;
				IPHONEOS_DEPLOYMENT_TARGET = 13.2;
				LD_RUNPATH_SEARCH_PATHS = (
					"$(inherited)",
					"@executable_path/Frameworks",
					"@loader_path/Frameworks",
				);
				OTHER_LDFLAGS = "";
				PRODUCT_BUNDLE_IDENTIFIER = com.traderTests;
				PRODUCT_NAME = "$(TARGET_NAME)";
				SWIFT_VERSION = 5.0;
				TARGETED_DEVICE_FAMILY = "1,2";
				TEST_HOST = "$(BUILT_PRODUCTS_DIR)/SafeLine VPN.app/SafeLine VPN";
			};
			name = Release;
		};
		F10B406C2420E85D00E1080B /* Debug */ = {
			isa = XCBuildConfiguration;
			buildSettings = {
				CODE_SIGN_STYLE = Automatic;
				DEVELOPMENT_TEAM = BEQ42K94DF;
				INFOPLIST_FILE = traderUITests/Info.plist;
				LD_RUNPATH_SEARCH_PATHS = (
					"$(inherited)",
					"@executable_path/Frameworks",
					"@loader_path/Frameworks",
				);
				PRODUCT_BUNDLE_IDENTIFIER = com.traderUITests;
				PRODUCT_NAME = "$(TARGET_NAME)";
				SWIFT_VERSION = 5.0;
				TARGETED_DEVICE_FAMILY = "1,2";
				TEST_TARGET_NAME = trader;
			};
			name = Debug;
		};
		F10B406D2420E85D00E1080B /* Release */ = {
			isa = XCBuildConfiguration;
			buildSettings = {
				CODE_SIGN_STYLE = Automatic;
				DEVELOPMENT_TEAM = BEQ42K94DF;
				INFOPLIST_FILE = traderUITests/Info.plist;
				LD_RUNPATH_SEARCH_PATHS = (
					"$(inherited)",
					"@executable_path/Frameworks",
					"@loader_path/Frameworks",
				);
				PRODUCT_BUNDLE_IDENTIFIER = com.traderUITests;
				PRODUCT_NAME = "$(TARGET_NAME)";
				SWIFT_VERSION = 5.0;
				TARGETED_DEVICE_FAMILY = "1,2";
				TEST_TARGET_NAME = trader;
			};
			name = Release;
		};
		F10B40722420F31300E1080B /* Debug-Staging */ = {
			isa = XCBuildConfiguration;
			buildSettings = {
				ALWAYS_SEARCH_USER_PATHS = NO;
				CLANG_ANALYZER_NONNULL = YES;
				CLANG_ANALYZER_NUMBER_OBJECT_CONVERSION = YES_AGGRESSIVE;
				CLANG_CXX_LANGUAGE_STANDARD = "gnu++14";
				CLANG_CXX_LIBRARY = "libc++";
				CLANG_ENABLE_MODULES = YES;
				CLANG_ENABLE_OBJC_ARC = YES;
				CLANG_ENABLE_OBJC_WEAK = YES;
				CLANG_WARN_BLOCK_CAPTURE_AUTORELEASING = YES;
				CLANG_WARN_BOOL_CONVERSION = YES;
				CLANG_WARN_COMMA = YES;
				CLANG_WARN_CONSTANT_CONVERSION = YES;
				CLANG_WARN_DEPRECATED_OBJC_IMPLEMENTATIONS = YES;
				CLANG_WARN_DIRECT_OBJC_ISA_USAGE = YES_ERROR;
				CLANG_WARN_DOCUMENTATION_COMMENTS = YES;
				CLANG_WARN_EMPTY_BODY = YES;
				CLANG_WARN_ENUM_CONVERSION = YES;
				CLANG_WARN_INFINITE_RECURSION = YES;
				CLANG_WARN_INT_CONVERSION = YES;
				CLANG_WARN_NON_LITERAL_NULL_CONVERSION = YES;
				CLANG_WARN_OBJC_IMPLICIT_RETAIN_SELF = YES;
				CLANG_WARN_OBJC_LITERAL_CONVERSION = YES;
				CLANG_WARN_OBJC_ROOT_CLASS = YES_ERROR;
				CLANG_WARN_RANGE_LOOP_ANALYSIS = YES;
				CLANG_WARN_STRICT_PROTOTYPES = YES;
				CLANG_WARN_SUSPICIOUS_MOVE = YES;
				CLANG_WARN_UNGUARDED_AVAILABILITY = YES_AGGRESSIVE;
				CLANG_WARN_UNREACHABLE_CODE = YES;
				CLANG_WARN__DUPLICATE_METHOD_MATCH = YES;
				COPY_PHASE_STRIP = NO;
				CURRENT_PROJECT_VERSION = 1;
				DEBUG_INFORMATION_FORMAT = "dwarf-with-dsym";
				ENABLE_STRICT_OBJC_MSGSEND = YES;
				ENABLE_TESTABILITY = YES;
				GCC_C_LANGUAGE_STANDARD = gnu11;
				GCC_DYNAMIC_NO_PIC = NO;
				GCC_NO_COMMON_BLOCKS = YES;
				GCC_OPTIMIZATION_LEVEL = 0;
				GCC_PREPROCESSOR_DEFINITIONS = (
					"DEBUG=1",
					"$(inherited)",
				);
				GCC_WARN_64_TO_32_BIT_CONVERSION = YES;
				GCC_WARN_ABOUT_RETURN_TYPE = YES_ERROR;
				GCC_WARN_UNDECLARED_SELECTOR = YES;
				GCC_WARN_UNINITIALIZED_AUTOS = YES_AGGRESSIVE;
				GCC_WARN_UNUSED_FUNCTION = YES;
				GCC_WARN_UNUSED_VARIABLE = YES;
				IPHONEOS_DEPLOYMENT_TARGET = 12.0;
				MTL_ENABLE_DEBUG_INFO = INCLUDE_SOURCE;
				MTL_FAST_MATH = YES;
				ONLY_ACTIVE_ARCH = YES;
				SDKROOT = iphoneos;
				SWIFT_ACTIVE_COMPILATION_CONDITIONS = DEBUG;
				SWIFT_OPTIMIZATION_LEVEL = "-Onone";
				VERSIONING_SYSTEM = "apple-generic";
			};
			name = "Debug-Staging";
		};
		F10B40732420F31300E1080B /* Debug-Staging */ = {
			isa = XCBuildConfiguration;
			baseConfigurationReference = ABDB6887AB4B48147EF19CF2 /* Pods-trader.debug-staging.xcconfig */;
			buildSettings = {
				ASSETCATALOG_COMPILER_APPICON_NAME = AppIcon;
				CODE_SIGN_STYLE = Automatic;
				DEVELOPMENT_TEAM = MDC5DNJKVL;
				INFOPLIST_FILE = trader/Resources/Info.plist;
				LD_RUNPATH_SEARCH_PATHS = (
					"$(inherited)",
					"@executable_path/Frameworks",
				);
				PRODUCT_BUNDLE_IDENTIFIER = com.trader.dyploma.stage;
				PRODUCT_NAME = trader;
				SWIFT_VERSION = 5.0;
				TARGETED_DEVICE_FAMILY = 1;
			};
			name = "Debug-Staging";
		};
		F10B40742420F31300E1080B /* Debug-Staging */ = {
			isa = XCBuildConfiguration;
			buildSettings = {
				BUNDLE_LOADER = "$(TEST_HOST)";
				CODE_SIGN_STYLE = Automatic;
				DEVELOPMENT_TEAM = BEQ42K94DF;
				INFOPLIST_FILE = traderTests/Info.plist;
				IPHONEOS_DEPLOYMENT_TARGET = 13.2;
				LD_RUNPATH_SEARCH_PATHS = (
					"$(inherited)",
					"@executable_path/Frameworks",
					"@loader_path/Frameworks",
				);
				OTHER_LDFLAGS = "";
				PRODUCT_BUNDLE_IDENTIFIER = com.traderTests;
				PRODUCT_NAME = "$(TARGET_NAME)";
				SWIFT_VERSION = 5.0;
				TARGETED_DEVICE_FAMILY = "1,2";
				TEST_HOST = "$(BUILT_PRODUCTS_DIR)/SafeLine VPN.app/SafeLine VPN";
			};
			name = "Debug-Staging";
		};
		F10B40752420F31300E1080B /* Debug-Staging */ = {
			isa = XCBuildConfiguration;
			buildSettings = {
				CODE_SIGN_STYLE = Automatic;
				DEVELOPMENT_TEAM = BEQ42K94DF;
				INFOPLIST_FILE = traderUITests/Info.plist;
				LD_RUNPATH_SEARCH_PATHS = (
					"$(inherited)",
					"@executable_path/Frameworks",
					"@loader_path/Frameworks",
				);
				PRODUCT_BUNDLE_IDENTIFIER = com.traderUITests;
				PRODUCT_NAME = "$(TARGET_NAME)";
				SWIFT_VERSION = 5.0;
				TARGETED_DEVICE_FAMILY = "1,2";
				TEST_TARGET_NAME = trader;
			};
			name = "Debug-Staging";
		};
		F18642FE2420F42A00E7B01A /* Release-Staging */ = {
			isa = XCBuildConfiguration;
			buildSettings = {
				ALWAYS_SEARCH_USER_PATHS = NO;
				CLANG_ANALYZER_NONNULL = YES;
				CLANG_ANALYZER_NUMBER_OBJECT_CONVERSION = YES_AGGRESSIVE;
				CLANG_CXX_LANGUAGE_STANDARD = "gnu++14";
				CLANG_CXX_LIBRARY = "libc++";
				CLANG_ENABLE_MODULES = YES;
				CLANG_ENABLE_OBJC_ARC = YES;
				CLANG_ENABLE_OBJC_WEAK = YES;
				CLANG_WARN_BLOCK_CAPTURE_AUTORELEASING = YES;
				CLANG_WARN_BOOL_CONVERSION = YES;
				CLANG_WARN_COMMA = YES;
				CLANG_WARN_CONSTANT_CONVERSION = YES;
				CLANG_WARN_DEPRECATED_OBJC_IMPLEMENTATIONS = YES;
				CLANG_WARN_DIRECT_OBJC_ISA_USAGE = YES_ERROR;
				CLANG_WARN_DOCUMENTATION_COMMENTS = YES;
				CLANG_WARN_EMPTY_BODY = YES;
				CLANG_WARN_ENUM_CONVERSION = YES;
				CLANG_WARN_INFINITE_RECURSION = YES;
				CLANG_WARN_INT_CONVERSION = YES;
				CLANG_WARN_NON_LITERAL_NULL_CONVERSION = YES;
				CLANG_WARN_OBJC_IMPLICIT_RETAIN_SELF = YES;
				CLANG_WARN_OBJC_LITERAL_CONVERSION = YES;
				CLANG_WARN_OBJC_ROOT_CLASS = YES_ERROR;
				CLANG_WARN_RANGE_LOOP_ANALYSIS = YES;
				CLANG_WARN_STRICT_PROTOTYPES = YES;
				CLANG_WARN_SUSPICIOUS_MOVE = YES;
				CLANG_WARN_UNGUARDED_AVAILABILITY = YES_AGGRESSIVE;
				CLANG_WARN_UNREACHABLE_CODE = YES;
				CLANG_WARN__DUPLICATE_METHOD_MATCH = YES;
				COPY_PHASE_STRIP = NO;
				CURRENT_PROJECT_VERSION = 1;
				DEBUG_INFORMATION_FORMAT = "dwarf-with-dsym";
				ENABLE_NS_ASSERTIONS = NO;
				ENABLE_STRICT_OBJC_MSGSEND = YES;
				GCC_C_LANGUAGE_STANDARD = gnu11;
				GCC_NO_COMMON_BLOCKS = YES;
				GCC_WARN_64_TO_32_BIT_CONVERSION = YES;
				GCC_WARN_ABOUT_RETURN_TYPE = YES_ERROR;
				GCC_WARN_UNDECLARED_SELECTOR = YES;
				GCC_WARN_UNINITIALIZED_AUTOS = YES_AGGRESSIVE;
				GCC_WARN_UNUSED_FUNCTION = YES;
				GCC_WARN_UNUSED_VARIABLE = YES;
				IPHONEOS_DEPLOYMENT_TARGET = 12.0;
				MTL_ENABLE_DEBUG_INFO = NO;
				MTL_FAST_MATH = YES;
				SDKROOT = iphoneos;
				SWIFT_COMPILATION_MODE = wholemodule;
				SWIFT_OPTIMIZATION_LEVEL = "-O";
				VALIDATE_PRODUCT = YES;
				VERSIONING_SYSTEM = "apple-generic";
			};
			name = "Release-Staging";
		};
		F18642FF2420F42A00E7B01A /* Release-Staging */ = {
			isa = XCBuildConfiguration;
			baseConfigurationReference = DDC3D0B558EF7CB1575D1A04 /* Pods-trader.release-staging.xcconfig */;
			buildSettings = {
				ASSETCATALOG_COMPILER_APPICON_NAME = AppIcon;
				CODE_SIGN_STYLE = Automatic;
				DEVELOPMENT_TEAM = MDC5DNJKVL;
				INFOPLIST_FILE = trader/Resources/Info.plist;
				LD_RUNPATH_SEARCH_PATHS = (
					"$(inherited)",
					"@executable_path/Frameworks",
				);
				PRODUCT_BUNDLE_IDENTIFIER = com.trader.dyploma.stage;
				PRODUCT_NAME = trader;
				SWIFT_VERSION = 5.0;
				TARGETED_DEVICE_FAMILY = 1;
			};
			name = "Release-Staging";
		};
		F18643002420F42A00E7B01A /* Release-Staging */ = {
			isa = XCBuildConfiguration;
			buildSettings = {
				BUNDLE_LOADER = "$(TEST_HOST)";
				CODE_SIGN_STYLE = Automatic;
				DEVELOPMENT_TEAM = BEQ42K94DF;
				INFOPLIST_FILE = traderTests/Info.plist;
				IPHONEOS_DEPLOYMENT_TARGET = 13.2;
				LD_RUNPATH_SEARCH_PATHS = (
					"$(inherited)",
					"@executable_path/Frameworks",
					"@loader_path/Frameworks",
				);
				OTHER_LDFLAGS = "";
				PRODUCT_BUNDLE_IDENTIFIER = com.traderTests;
				PRODUCT_NAME = "$(TARGET_NAME)";
				SWIFT_VERSION = 5.0;
				TARGETED_DEVICE_FAMILY = "1,2";
				TEST_HOST = "$(BUILT_PRODUCTS_DIR)/SafeLine VPN.app/SafeLine VPN";
			};
			name = "Release-Staging";
		};
		F18643012420F42A00E7B01A /* Release-Staging */ = {
			isa = XCBuildConfiguration;
			buildSettings = {
				CODE_SIGN_STYLE = Automatic;
				DEVELOPMENT_TEAM = BEQ42K94DF;
				INFOPLIST_FILE = traderUITests/Info.plist;
				LD_RUNPATH_SEARCH_PATHS = (
					"$(inherited)",
					"@executable_path/Frameworks",
					"@loader_path/Frameworks",
				);
				PRODUCT_BUNDLE_IDENTIFIER = com.traderUITests;
				PRODUCT_NAME = "$(TARGET_NAME)";
				SWIFT_VERSION = 5.0;
				TARGETED_DEVICE_FAMILY = "1,2";
				TEST_TARGET_NAME = trader;
			};
			name = "Release-Staging";
		};
/* End XCBuildConfiguration section */

/* Begin XCConfigurationList section */
		F10B40362420E85C00E1080B /* Build configuration list for PBXProject "trader" */ = {
			isa = XCConfigurationList;
			buildConfigurations = (
				F10B40632420E85D00E1080B /* Debug */,
				F10B40722420F31300E1080B /* Debug-Staging */,
				F10B40642420E85D00E1080B /* Release */,
				F18642FE2420F42A00E7B01A /* Release-Staging */,
			);
			defaultConfigurationIsVisible = 0;
			defaultConfigurationName = Release;
		};
		F10B40652420E85D00E1080B /* Build configuration list for PBXNativeTarget "trader" */ = {
			isa = XCConfigurationList;
			buildConfigurations = (
				F10B40662420E85D00E1080B /* Debug */,
				F10B40732420F31300E1080B /* Debug-Staging */,
				F10B40672420E85D00E1080B /* Release */,
				F18642FF2420F42A00E7B01A /* Release-Staging */,
			);
			defaultConfigurationIsVisible = 0;
			defaultConfigurationName = Release;
		};
		F10B40682420E85D00E1080B /* Build configuration list for PBXNativeTarget "traderTests" */ = {
			isa = XCConfigurationList;
			buildConfigurations = (
				F10B40692420E85D00E1080B /* Debug */,
				F10B40742420F31300E1080B /* Debug-Staging */,
				F10B406A2420E85D00E1080B /* Release */,
				F18643002420F42A00E7B01A /* Release-Staging */,
			);
			defaultConfigurationIsVisible = 0;
			defaultConfigurationName = Release;
		};
		F10B406B2420E85D00E1080B /* Build configuration list for PBXNativeTarget "traderUITests" */ = {
			isa = XCConfigurationList;
			buildConfigurations = (
				F10B406C2420E85D00E1080B /* Debug */,
				F10B40752420F31300E1080B /* Debug-Staging */,
				F10B406D2420E85D00E1080B /* Release */,
				F18643012420F42A00E7B01A /* Release-Staging */,
			);
			defaultConfigurationIsVisible = 0;
			defaultConfigurationName = Release;
		};
/* End XCConfigurationList section */
	};
	rootObject = F10B40332420E85C00E1080B /* Project object */;
}
